
Microsoft Visual Studio Solution File, Format Version 12.00
# Visual Studio Version 17
VisualStudioVersion = 17.3.32819.101
MinimumVisualStudioVersion = 10.0.40219.1
Project("{FAE04EC0-301F-11D3-BF4B-00C04F79EFBC}") = "University", "University.csproj", "{B7EB3092-519D-478E-988E-505EA7165A6D}"
EndProject
Global
	GlobalSection(SolutionConfigurationPlatforms) = preSolution
		Debug|Any CPU = Debug|Any CPU
		Release|Any CPU = Release|Any CPU
	EndGlobalSection
	GlobalSection(ProjectConfigurationPlatforms) = postSolution
		{B7EB3092-519D-478E-988E-505EA7165A6D}.Debug|Any CPU.ActiveCfg = Debug|Any CPU
		{B7EB3092-519D-478E-988E-505EA7165A6D}.Debug|Any CPU.Build.0 = Debug|Any CPU
		{B7EB3092-519D-478E-988E-505EA7165A6D}.Release|Any CPU.ActiveCfg = Release|Any CPU
		{B7EB3092-519D-478E-988E-505EA7165A6D}.Release|Any CPU.Build.0 = Release|Any CPU
	EndGlobalSection
	GlobalSection(SolutionProperties) = preSolution
		HideSolutionNode = FALSE
	EndGlobalSection
	GlobalSection(ExtensibilityGlobals) = postSolution
		SolutionGuid = {680367FA-95AA-4B31-84D2-5259DEF40A47}
	EndGlobalSection
EndGlobal
